// !$*UTF8*$!
{
	archiveVersion = 1;
	classes = {
	};
	objectVersion = 50;
	objects = {

/* Begin PBXBuildFile section */
		A3BCDF01218D0F3D009EE9AD /* AppDelegate.swift in Sources */ = {isa = PBXBuildFile; fileRef = A3BCDF00218D0F3D009EE9AD /* AppDelegate.swift */; };
		A3BCDF03218D0F3D009EE9AD /* ViewController.swift in Sources */ = {isa = PBXBuildFile; fileRef = A3BCDF02218D0F3D009EE9AD /* ViewController.swift */; };
		A3BCDF05218D0F3F009EE9AD /* Assets.xcassets in Resources */ = {isa = PBXBuildFile; fileRef = A3BCDF04218D0F3F009EE9AD /* Assets.xcassets */; };
		A3BCDF08218D0F3F009EE9AD /* Main.storyboard in Resources */ = {isa = PBXBuildFile; fileRef = A3BCDF06218D0F3F009EE9AD /* Main.storyboard */; };
		A3BCDF11218D0F9C009EE9AD /* DataTypes.swift in Sources */ = {isa = PBXBuildFile; fileRef = A3BCDF10218D0F9C009EE9AD /* DataTypes.swift */; };
/* End PBXBuildFile section */

/* Begin PBXFileReference section */
		A3BCDEFD218D0F3D009EE9AD /* Bricoleur Asset Tool.app */ = {isa = PBXFileReference; explicitFileType = wrapper.application; includeInIndex = 0; path = "Bricoleur Asset Tool.app"; sourceTree = BUILT_PRODUCTS_DIR; };
		A3BCDF00218D0F3D009EE9AD /* AppDelegate.swift */ = {isa = PBXFileReference; lastKnownFileType = sourcecode.swift; path = AppDelegate.swift; sourceTree = "<group>"; };
		A3BCDF02218D0F3D009EE9AD /* ViewController.swift */ = {isa = PBXFileReference; lastKnownFileType = sourcecode.swift; path = ViewController.swift; sourceTree = "<group>"; };
		A3BCDF04218D0F3F009EE9AD /* Assets.xcassets */ = {isa = PBXFileReference; lastKnownFileType = folder.assetcatalog; path = Assets.xcassets; sourceTree = "<group>"; };
		A3BCDF07218D0F3F009EE9AD /* Base */ = {isa = PBXFileReference; lastKnownFileType = file.storyboard; name = Base; path = Base.lproj/Main.storyboard; sourceTree = "<group>"; };
		A3BCDF09218D0F3F009EE9AD /* Info.plist */ = {isa = PBXFileReference; lastKnownFileType = text.plist.xml; path = Info.plist; sourceTree = "<group>"; };
		A3BCDF0A218D0F3F009EE9AD /* Bricoleur_Asset_Tool.entitlements */ = {isa = PBXFileReference; lastKnownFileType = text.plist.entitlements; path = Bricoleur_Asset_Tool.entitlements; sourceTree = "<group>"; };
		A3BCDF10218D0F9C009EE9AD /* DataTypes.swift */ = {isa = PBXFileReference; lastKnownFileType = sourcecode.swift; path = DataTypes.swift; sourceTree = "<group>"; };
/* End PBXFileReference section */

/* Begin PBXFrameworksBuildPhase section */
		A3BCDEFA218D0F3D009EE9AD /* Frameworks */ = {
			isa = PBXFrameworksBuildPhase;
			buildActionMask = 2147483647;
			files = (
			);
			runOnlyForDeploymentPostprocessing = 0;
		};
/* End PBXFrameworksBuildPhase section */

/* Begin PBXGroup section */
		A3BCDEF4218D0F3D009EE9AD = {
			isa = PBXGroup;
			children = (
				A3BCDEFF218D0F3D009EE9AD /* Bricoleur Asset Tool */,
				A3BCDEFE218D0F3D009EE9AD /* Products */,
			);
			sourceTree = "<group>";
		};
		A3BCDEFE218D0F3D009EE9AD /* Products */ = {
			isa = PBXGroup;
			children = (
				A3BCDEFD218D0F3D009EE9AD /* Bricoleur Asset Tool.app */,
			);
			name = Products;
			sourceTree = "<group>";
		};
		A3BCDEFF218D0F3D009EE9AD /* Bricoleur Asset Tool */ = {
			isa = PBXGroup;
			children = (
				A3BCDF00218D0F3D009EE9AD /* AppDelegate.swift */,
				A3BCDF10218D0F9C009EE9AD /* DataTypes.swift */,
				A3BCDF02218D0F3D009EE9AD /* ViewController.swift */,
				A3BCDF04218D0F3F009EE9AD /* Assets.xcassets */,
				A3BCDF06218D0F3F009EE9AD /* Main.storyboard */,
				A3BCDF09218D0F3F009EE9AD /* Info.plist */,
				A3BCDF0A218D0F3F009EE9AD /* Bricoleur_Asset_Tool.entitlements */,
			);
			path = "Bricoleur Asset Tool";
			sourceTree = "<group>";
		};
/* End PBXGroup section */

/* Begin PBXNativeTarget section */
		A3BCDEFC218D0F3D009EE9AD /* Bricoleur Asset Tool */ = {
			isa = PBXNativeTarget;
			buildConfigurationList = A3BCDF0D218D0F3F009EE9AD /* Build configuration list for PBXNativeTarget "Bricoleur Asset Tool" */;
			buildPhases = (
				A3BCDEF9218D0F3D009EE9AD /* Sources */,
				A3BCDEFA218D0F3D009EE9AD /* Frameworks */,
				A3BCDEFB218D0F3D009EE9AD /* Resources */,
			);
			buildRules = (
			);
			dependencies = (
			);
			name = "Bricoleur Asset Tool";
			productName = "Bricoleur Asset Tool";
			productReference = A3BCDEFD218D0F3D009EE9AD /* Bricoleur Asset Tool.app */;
			productType = "com.apple.product-type.application";
		};
/* End PBXNativeTarget section */

/* Begin PBXProject section */
		A3BCDEF5218D0F3D009EE9AD /* Project object */ = {
			isa = PBXProject;
			attributes = {
				LastSwiftUpdateCheck = 0940;
				LastUpgradeCheck = 0940;
				ORGANIZATIONNAME = "Massachusetts Institute of Technology";
				TargetAttributes = {
					A3BCDEFC218D0F3D009EE9AD = {
						CreatedOnToolsVersion = 9.4;
					};
				};
			};
			buildConfigurationList = A3BCDEF8218D0F3D009EE9AD /* Build configuration list for PBXProject "Bricoleur Asset Tool" */;
			compatibilityVersion = "Xcode 9.3";
			developmentRegion = en;
			hasScannedForEncodings = 0;
			knownRegions = (
				en,
				Base,
			);
			mainGroup = A3BCDEF4218D0F3D009EE9AD;
			productRefGroup = A3BCDEFE218D0F3D009EE9AD /* Products */;
			projectDirPath = "";
			projectRoot = "";
			targets = (
				A3BCDEFC218D0F3D009EE9AD /* Bricoleur Asset Tool */,
			);
		};
/* End PBXProject section */

/* Begin PBXResourcesBuildPhase section */
		A3BCDEFB218D0F3D009EE9AD /* Resources */ = {
			isa = PBXResourcesBuildPhase;
			buildActionMask = 2147483647;
			files = (
				A3BCDF05218D0F3F009EE9AD /* Assets.xcassets in Resources */,
				A3BCDF08218D0F3F009EE9AD /* Main.storyboard in Resources */,
			);
			runOnlyForDeploymentPostprocessing = 0;
		};
/* End PBXResourcesBuildPhase section */

/* Begin PBXSourcesBuildPhase section */
		A3BCDEF9218D0F3D009EE9AD /* Sources */ = {
			isa = PBXSourcesBuildPhase;
			buildActionMask = 2147483647;
			files = (
				A3BCDF11218D0F9C009EE9AD /* DataTypes.swift in Sources */,
				A3BCDF03218D0F3D009EE9AD /* ViewController.swift in Sources */,
				A3BCDF01218D0F3D009EE9AD /* AppDelegate.swift in Sources */,
			);
			runOnlyForDeploymentPostprocessing = 0;
		};
/* End PBXSourcesBuildPhase section */

/* Begin PBXVariantGroup section */
		A3BCDF06218D0F3F009EE9AD /* Main.storyboard */ = {
			isa = PBXVariantGroup;
			children = (
				A3BCDF07218D0F3F009EE9AD /* Base */,
			);
			name = Main.storyboard;
			sourceTree = "<group>";
		};
/* End PBXVariantGroup section */

/* Begin XCBuildConfiguration section */
		A3BCDF0B218D0F3F009EE9AD /* Debug */ = {
			isa = XCBuildConfiguration;
			buildSettings = {
				ALWAYS_SEARCH_USER_PATHS = NO;
				CLANG_ANALYZER_NONNULL = YES;
				CLANG_ANALYZER_NUMBER_OBJECT_CONVERSION = YES_AGGRESSIVE;
				CLANG_CXX_LANGUAGE_STANDARD = "gnu++14";
				CLANG_CXX_LIBRARY = "libc++";
				CLANG_ENABLE_MODULES = YES;
				CLANG_ENABLE_OBJC_ARC = YES;
				CLANG_ENABLE_OBJC_WEAK = YES;
				CLANG_WARN_BLOCK_CAPTURE_AUTORELEASING = YES;
				CLANG_WARN_BOOL_CONVERSION = YES;
				CLANG_WARN_COMMA = YES;
				CLANG_WARN_CONSTANT_CONVERSION = YES;
				CLANG_WARN_DEPRECATED_OBJC_IMPLEMENTATIONS = YES;
				CLANG_WARN_DIRECT_OBJC_ISA_USAGE = YES_ERROR;
				CLANG_WARN_DOCUMENTATION_COMMENTS = YES;
				CLANG_WARN_EMPTY_BODY = YES;
				CLANG_WARN_ENUM_CONVERSION = YES;
				CLANG_WARN_INFINITE_RECURSION = YES;
				CLANG_WARN_INT_CONVERSION = YES;
				CLANG_WARN_NON_LITERAL_NULL_CONVERSION = YES;
				CLANG_WARN_OBJC_IMPLICIT_RETAIN_SELF = YES;
				CLANG_WARN_OBJC_LITERAL_CONVERSION = YES;
				CLANG_WARN_OBJC_ROOT_CLASS = YES_ERROR;
				CLANG_WARN_RANGE_LOOP_ANALYSIS = YES;
				CLANG_WARN_STRICT_PROTOTYPES = YES;
				CLANG_WARN_SUSPICIOUS_MOVE = YES;
				CLANG_WARN_UNGUARDED_AVAILABILITY = YES_AGGRESSIVE;
				CLANG_WARN_UNREACHABLE_CODE = YES;
				CLANG_WARN__DUPLICATE_METHOD_MATCH = YES;
				CODE_SIGN_IDENTITY = "Mac Developer";
				COPY_PHASE_STRIP = NO;
				DEBUG_INFORMATION_FORMAT = dwarf;
				ENABLE_STRICT_OBJC_MSGSEND = YES;
				ENABLE_TESTABILITY = YES;
				GCC_C_LANGUAGE_STANDARD = gnu11;
				GCC_DYNAMIC_NO_PIC = NO;
				GCC_NO_COMMON_BLOCKS = YES;
				GCC_OPTIMIZATION_LEVEL = 0;
				GCC_PREPROCESSOR_DEFINITIONS = (
					"DEBUG=1",
					"$(inherited)",
				);
				GCC_WARN_64_TO_32_BIT_CONVERSION = YES;
				GCC_WARN_ABOUT_RETURN_TYPE = YES_ERROR;
				GCC_WARN_UNDECLARED_SELECTOR = YES;
				GCC_WARN_UNINITIALIZED_AUTOS = YES_AGGRESSIVE;
				GCC_WARN_UNUSED_FUNCTION = YES;
				GCC_WARN_UNUSED_VARIABLE = YES;
				MACOSX_DEPLOYMENT_TARGET = 10.13;
				MTL_ENABLE_DEBUG_INFO = YES;
				ONLY_ACTIVE_ARCH = YES;
				SDKROOT = macosx;
				SWIFT_ACTIVE_COMPILATION_CONDITIONS = DEBUG;
				SWIFT_OPTIMIZATION_LEVEL = "-Onone";
			};
			name = Debug;
		};
		A3BCDF0C218D0F3F009EE9AD /* Release */ = {
			isa = XCBuildConfiguration;
			buildSettings = {
				ALWAYS_SEARCH_USER_PATHS = NO;
				CLANG_ANALYZER_NONNULL = YES;
				CLANG_ANALYZER_NUMBER_OBJECT_CONVERSION = YES_AGGRESSIVE;
				CLANG_CXX_LANGUAGE_STANDARD = "gnu++14";
				CLANG_CXX_LIBRARY = "libc++";
				CLANG_ENABLE_MODULES = YES;
				CLANG_ENABLE_OBJC_ARC = YES;
				CLANG_ENABLE_OBJC_WEAK = YES;
				CLANG_WARN_BLOCK_CAPTURE_AUTORELEASING = YES;
				CLANG_WARN_BOOL_CONVERSION = YES;
				CLANG_WARN_COMMA = YES;
				CLANG_WARN_CONSTANT_CONVERSION = YES;
				CLANG_WARN_DEPRECATED_OBJC_IMPLEMENTATIONS = YES;
				CLANG_WARN_DIRECT_OBJC_ISA_USAGE = YES_ERROR;
				CLANG_WARN_DOCUMENTATION_COMMENTS = YES;
				CLANG_WARN_EMPTY_BODY = YES;
				CLANG_WARN_ENUM_CONVERSION = YES;
				CLANG_WARN_INFINITE_RECURSION = YES;
				CLANG_WARN_INT_CONVERSION = YES;
				CLANG_WARN_NON_LITERAL_NULL_CONVERSION = YES;
				CLANG_WARN_OBJC_IMPLICIT_RETAIN_SELF = YES;
				CLANG_WARN_OBJC_LITERAL_CONVERSION = YES;
				CLANG_WARN_OBJC_ROOT_CLASS = YES_ERROR;
				CLANG_WARN_RANGE_LOOP_ANALYSIS = YES;
				CLANG_WARN_STRICT_PROTOTYPES = YES;
				CLANG_WARN_SUSPICIOUS_MOVE = YES;
				CLANG_WARN_UNGUARDED_AVAILABILITY = YES_AGGRESSIVE;
				CLANG_WARN_UNREACHABLE_CODE = YES;
				CLANG_WARN__DUPLICATE_METHOD_MATCH = YES;
				CODE_SIGN_IDENTITY = "Mac Developer";
				COPY_PHASE_STRIP = NO;
				DEBUG_INFORMATION_FORMAT = "dwarf-with-dsym";
				ENABLE_NS_ASSERTIONS = NO;
				ENABLE_STRICT_OBJC_MSGSEND = YES;
				GCC_C_LANGUAGE_STANDARD = gnu11;
				GCC_NO_COMMON_BLOCKS = YES;
				GCC_WARN_64_TO_32_BIT_CONVERSION = YES;
				GCC_WARN_ABOUT_RETURN_TYPE = YES_ERROR;
				GCC_WARN_UNDECLARED_SELECTOR = YES;
				GCC_WARN_UNINITIALIZED_AUTOS = YES_AGGRESSIVE;
				GCC_WARN_UNUSED_FUNCTION = YES;
				GCC_WARN_UNUSED_VARIABLE = YES;
				MACOSX_DEPLOYMENT_TARGET = 10.13;
				MTL_ENABLE_DEBUG_INFO = NO;
				SDKROOT = macosx;
				SWIFT_COMPILATION_MODE = wholemodule;
				SWIFT_OPTIMIZATION_LEVEL = "-O";
			};
			name = Release;
		};
		A3BCDF0E218D0F3F009EE9AD /* Debug */ = {
			isa = XCBuildConfiguration;
			buildSettings = {
				ASSETCATALOG_COMPILER_APPICON_NAME = AppIcon;
				CODE_SIGN_ENTITLEMENTS = "Bricoleur Asset Tool/Bricoleur_Asset_Tool.entitlements";
				CODE_SIGN_STYLE = Automatic;
				COMBINE_HIDPI_IMAGES = YES;
				DEVELOPMENT_TEAM = 38HK43T9W4;
				INFOPLIST_FILE = "Bricoleur Asset Tool/Info.plist";
				LD_RUNPATH_SEARCH_PATHS = (
					"$(inherited)",
					"@executable_path/../Frameworks",
				);
				PRODUCT_BUNDLE_IDENTIFIER = "edu.mit.media.llk.Bricoleur-Asset-Tool";
				PRODUCT_NAME = "$(TARGET_NAME)";
				SWIFT_VERSION = 4.0;
			};
			name = Debug;
		};
		A3BCDF0F218D0F3F009EE9AD /* Release */ = {
			isa = XCBuildConfiguration;
			buildSettings = {
				ASSETCATALOG_COMPILER_APPICON_NAME = AppIcon;
				CODE_SIGN_ENTITLEMENTS = "Bricoleur Asset Tool/Bricoleur_Asset_Tool.entitlements";
				CODE_SIGN_STYLE = Automatic;
				COMBINE_HIDPI_IMAGES = YES;
				DEVELOPMENT_TEAM = 38HK43T9W4;
				INFOPLIST_FILE = "Bricoleur Asset Tool/Info.plist";
				LD_RUNPATH_SEARCH_PATHS = (
					"$(inherited)",
					"@executable_path/../Frameworks",
				);
				PRODUCT_BUNDLE_IDENTIFIER = "edu.mit.media.llk.Bricoleur-Asset-Tool";
				PRODUCT_NAME = "$(TARGET_NAME)";
				SWIFT_VERSION = 4.0;
			};
			name = Release;
		};
/* End XCBuildConfiguration section */

/* Begin XCConfigurationList section */
		A3BCDEF8218D0F3D009EE9AD /* Build configuration list for PBXProject "Bricoleur Asset Tool" */ = {
			isa = XCConfigurationList;
			buildConfigurations = (
				A3BCDF0B218D0F3F009EE9AD /* Debug */,
				A3BCDF0C218D0F3F009EE9AD /* Release */,
			);
			defaultConfigurationIsVisible = 0;
			defaultConfigurationName = Release;
		};
		A3BCDF0D218D0F3F009EE9AD /* Build configuration list for PBXNativeTarget "Bricoleur Asset Tool" */ = {
			isa = XCConfigurationList;
			buildConfigurations = (
				A3BCDF0E218D0F3F009EE9AD /* Debug */,
				A3BCDF0F218D0F3F009EE9AD /* Release */,
			);
			defaultConfigurationIsVisible = 0;
			defaultConfigurationName = Release;
		};
/* End XCConfigurationList section */
	};
	rootObject = A3BCDEF5218D0F3D009EE9AD /* Project object */;
}
